# This file is generated by running "yarn install" inside your project.
# Manual changes might be lost - proceed with caution!

__metadata:
  version: 8
  cacheKey: 10c0

"@events-ui-lib/user@workspace:^, @events-ui-lib/user@workspace:packages/apps/events-ui/lib/user":
  version: 0.0.0-use.local
  resolution: "@events-ui-lib/user@workspace:packages/apps/events-ui/lib/user"
  languageName: unknown
  linkType: soft

"@lib/test@workspace:^, @lib/test@workspace:packages/lib/test":
  version: 0.0.0-use.local
  resolution: "@lib/test@workspace:packages/lib/test"
  languageName: unknown
  linkType: soft

"typescript@npm:5.0.4":
  version: 5.0.4
  resolution: "typescript@npm:5.0.4"
  bin:
    tsc: bin/tsc
    tsserver: bin/tsserver
  checksum: 2f5bd1cead194905957cb34e220b1d6ff1662399adef8ec1864f74620922d860ee35b6e50eafb3b636ea6fd437195e454e1146cb630a4236b5095ed7617395c2
  languageName: node
  linkType: hard

"typescript@patch:typescript@npm%3A5.0.4#optional!builtin<compat/typescript>":
  version: 5.0.4
  resolution: "typescript@patch:typescript@npm%3A5.0.4#optional!builtin<compat/typescript>::version=5.0.4&hash=b5f058"
  bin:
    tsc: bin/tsc
    tsserver: bin/tsserver
  checksum: c3f7b80577bddf6fab202a7925131ac733bfc414aec298c2404afcddc7a6f242cfa8395cf2d48192265052e11a7577c27f6e5fac8d8fe6a6602023c83d6b3292
  languageName: node
  linkType: hard

"webstorm-package-alias-bug@workspace:.":
  version: 0.0.0-use.local
  resolution: "webstorm-package-alias-bug@workspace:."
  dependencies:
    "@events-ui-lib/user": "workspace:^"
    "@lib/test": "workspace:^"
    typescript: "npm:5.0.4"
  languageName: unknown
  linkType: soft
